{
    "name": "simple-php-cs-fixer",
    "version": "1.0.3",
    "lockfileVersion": 3,
    "requires": true,
    "packages": {
        "": {
            "name": "simple-php-cs-fixer",
            "version": "1.0.3",
            "engines": {
                "vscode": "^1.17.0"
            }
        }
    }
}
